
Microsoft Visual Studio Solution File, Format Version 12.00
# Visual Studio Version 17
VisualStudioVersion = 17.5.33516.290
MinimumVisualStudioVersion = 10.0.40219.1
Project("{FAE04EC0-301F-11D3-BF4B-00C04F79EFBC}") = "CreatingAFile", "CreatingAFile.csproj", "{53E1E4E1-2BC1-4459-88AE-EA01CB6BFF7D}"
EndProject
Global
	GlobalSection(SolutionConfigurationPlatforms) = preSolution
		Debug|Any CPU = Debug|Any CPU
		Release|Any CPU = Release|Any CPU
	EndGlobalSection
	GlobalSection(ProjectConfigurationPlatforms) = postSolution
		{53E1E4E1-2BC1-4459-88AE-EA01CB6BFF7D}.Debug|Any CPU.ActiveCfg = Debug|Any CPU
		{53E1E4E1-2BC1-4459-88AE-EA01CB6BFF7D}.Debug|Any CPU.Build.0 = Debug|Any CPU
		{53E1E4E1-2BC1-4459-88AE-EA01CB6BFF7D}.Release|Any CPU.ActiveCfg = Release|Any CPU
		{53E1E4E1-2BC1-4459-88AE-EA01CB6BFF7D}.Release|Any CPU.Build.0 = Release|Any CPU
	EndGlobalSection
	GlobalSection(SolutionProperties) = preSolution
		HideSolutionNode = FALSE
	EndGlobalSection
	GlobalSection(ExtensibilityGlobals) = postSolution
		SolutionGuid = {B27B54EF-14E6-4AA7-B6AB-213E48928363}
	EndGlobalSection
EndGlobal
